
Microsoft Visual Studio Solution File, Format Version 12.00
# Visual Studio 15
VisualStudioVersion = 15.0.28010.2003
MinimumVisualStudioVersion = 10.0.40219.1
Project("{FAE04EC0-301F-11D3-BF4B-00C04F79EFBC}") = "TimeToBurn", "TimeToBurn\TimeToBurn.csproj", "{75CFFA1E-4313-4310-9503-5E712999D84B}"
EndProject
Project("{FAE04EC0-301F-11D3-BF4B-00C04F79EFBC}") = "Tutor", "Tutor\Tutor.csproj", "{589252C9-BBFF-45AB-943C-D2F6AC5A5CFC}"
EndProject
Project("{FAE04EC0-301F-11D3-BF4B-00C04F79EFBC}") = "TuitionIncrease", "TuitionIncrease\TuitionIncrease.csproj", "{BB6D35D4-6084-4462-8B78-B52B5E31EA85}"
EndProject
Global
	GlobalSection(SolutionConfigurationPlatforms) = preSolution
		Debug|Any CPU = Debug|Any CPU
		Release|Any CPU = Release|Any CPU
	EndGlobalSection
	GlobalSection(ProjectConfigurationPlatforms) = postSolution
		{75CFFA1E-4313-4310-9503-5E712999D84B}.Debug|Any CPU.ActiveCfg = Debug|Any CPU
		{75CFFA1E-4313-4310-9503-5E712999D84B}.Debug|Any CPU.Build.0 = Debug|Any CPU
		{75CFFA1E-4313-4310-9503-5E712999D84B}.Release|Any CPU.ActiveCfg = Release|Any CPU
		{75CFFA1E-4313-4310-9503-5E712999D84B}.Release|Any CPU.Build.0 = Release|Any CPU
		{589252C9-BBFF-45AB-943C-D2F6AC5A5CFC}.Debug|Any CPU.ActiveCfg = Debug|Any CPU
		{589252C9-BBFF-45AB-943C-D2F6AC5A5CFC}.Debug|Any CPU.Build.0 = Debug|Any CPU
		{589252C9-BBFF-45AB-943C-D2F6AC5A5CFC}.Release|Any CPU.ActiveCfg = Release|Any CPU
		{589252C9-BBFF-45AB-943C-D2F6AC5A5CFC}.Release|Any CPU.Build.0 = Release|Any CPU
		{BB6D35D4-6084-4462-8B78-B52B5E31EA85}.Debug|Any CPU.ActiveCfg = Debug|Any CPU
		{BB6D35D4-6084-4462-8B78-B52B5E31EA85}.Debug|Any CPU.Build.0 = Debug|Any CPU
		{BB6D35D4-6084-4462-8B78-B52B5E31EA85}.Release|Any CPU.ActiveCfg = Release|Any CPU
		{BB6D35D4-6084-4462-8B78-B52B5E31EA85}.Release|Any CPU.Build.0 = Release|Any CPU
	EndGlobalSection
	GlobalSection(SolutionProperties) = preSolution
		HideSolutionNode = FALSE
	EndGlobalSection
	GlobalSection(ExtensibilityGlobals) = postSolution
		SolutionGuid = {18943A08-F22A-4576-B747-A6D7FCA6154C}
	EndGlobalSection
EndGlobal
